
Microsoft Visual Studio Solution File, Format Version 12.00
# Visual Studio Version 16
VisualStudioVersion = 16.0.30320.27
MinimumVisualStudioVersion = 10.0.40219.1
Project("{FAE04EC0-301F-11D3-BF4B-00C04F79EFBC}") = "MyFirstCoreApp", "MyFirstCoreApp.csproj", "{3E5D9120-4AA2-4AD2-A65F-7EAB63949EA0}"
EndProject
Global
	GlobalSection(SolutionConfigurationPlatforms) = preSolution
		Debug|Any CPU = Debug|Any CPU
		Release|Any CPU = Release|Any CPU
	EndGlobalSection
	GlobalSection(ProjectConfigurationPlatforms) = postSolution
		{3E5D9120-4AA2-4AD2-A65F-7EAB63949EA0}.Debug|Any CPU.ActiveCfg = Debug|Any CPU
		{3E5D9120-4AA2-4AD2-A65F-7EAB63949EA0}.Debug|Any CPU.Build.0 = Debug|Any CPU
		{3E5D9120-4AA2-4AD2-A65F-7EAB63949EA0}.Release|Any CPU.ActiveCfg = Release|Any CPU
		{3E5D9120-4AA2-4AD2-A65F-7EAB63949EA0}.Release|Any CPU.Build.0 = Release|Any CPU
	EndGlobalSection
	GlobalSection(SolutionProperties) = preSolution
		HideSolutionNode = FALSE
	EndGlobalSection
	GlobalSection(ExtensibilityGlobals) = postSolution
		SolutionGuid = {41E8480D-9F26-4444-9FB1-604C160987B6}
	EndGlobalSection
EndGlobal
